
Microsoft Visual Studio Solution File, Format Version 12.00
# Visual Studio Version 16
VisualStudioVersion = 16.0.30225.117
MinimumVisualStudioVersion = 10.0.40219.1
Project("{FAE04EC0-301F-11D3-BF4B-00C04F79EFBC}") = "Program", "Program\Program.csproj", "{8E207DC7-9A2D-4267-A1D2-C88E4D90EE51}"
EndProject
Project("{FAE04EC0-301F-11D3-BF4B-00C04F79EFBC}") = "Tests", "Tests\Tests.csproj", "{58048710-242B-469A-A186-ABDEF76F4AD1}"
EndProject
Global
	GlobalSection(SolutionConfigurationPlatforms) = preSolution
		Debug|Any CPU = Debug|Any CPU
		Release|Any CPU = Release|Any CPU
	EndGlobalSection
	GlobalSection(ProjectConfigurationPlatforms) = postSolution
		{8E207DC7-9A2D-4267-A1D2-C88E4D90EE51}.Debug|Any CPU.ActiveCfg = Debug|Any CPU
		{8E207DC7-9A2D-4267-A1D2-C88E4D90EE51}.Debug|Any CPU.Build.0 = Debug|Any CPU
		{8E207DC7-9A2D-4267-A1D2-C88E4D90EE51}.Release|Any CPU.ActiveCfg = Release|Any CPU
		{8E207DC7-9A2D-4267-A1D2-C88E4D90EE51}.Release|Any CPU.Build.0 = Release|Any CPU
		{58048710-242B-469A-A186-ABDEF76F4AD1}.Debug|Any CPU.ActiveCfg = Debug|Any CPU
		{58048710-242B-469A-A186-ABDEF76F4AD1}.Debug|Any CPU.Build.0 = Debug|Any CPU
		{58048710-242B-469A-A186-ABDEF76F4AD1}.Release|Any CPU.ActiveCfg = Release|Any CPU
		{58048710-242B-469A-A186-ABDEF76F4AD1}.Release|Any CPU.Build.0 = Release|Any CPU
	EndGlobalSection
	GlobalSection(SolutionProperties) = preSolution
		HideSolutionNode = FALSE
	EndGlobalSection
	GlobalSection(ExtensibilityGlobals) = postSolution
		SolutionGuid = {76C8AE54-2506-4792-A9D3-8B46C704FC1A}
	EndGlobalSection
EndGlobal
